// !$*UTF8*$!
{
	archiveVersion = 1;
	classes = {
	};
	objectVersion = 50;
	objects = {

/* Begin PBXBuildFile section */
		5905C2FE20CA8C83002BD85F /* AppDelegate.m in Sources */ = {isa = PBXBuildFile; fileRef = 5905C2FD20CA8C83002BD85F /* AppDelegate.m */; };
		5905C30120CA8C83002BD85F /* ViewController.m in Sources */ = {isa = PBXBuildFile; fileRef = 5905C30020CA8C83002BD85F /* ViewController.m */; };
		5905C30420CA8C83002BD85F /* Main.storyboard in Resources */ = {isa = PBXBuildFile; fileRef = 5905C30220CA8C83002BD85F /* Main.storyboard */; };
		5905C30620CA8C85002BD85F /* Assets.xcassets in Resources */ = {isa = PBXBuildFile; fileRef = 5905C30520CA8C85002BD85F /* Assets.xcassets */; };
		5905C30920CA8C85002BD85F /* LaunchScreen.storyboard in Resources */ = {isa = PBXBuildFile; fileRef = 5905C30720CA8C85002BD85F /* LaunchScreen.storyboard */; };
		5905C30C20CA8C85002BD85F /* main.m in Sources */ = {isa = PBXBuildFile; fileRef = 5905C30B20CA8C85002BD85F /* main.m */; };
		590F03D020CAA494002F0599 /* MF_Base32Additions.m in Sources */ = {isa = PBXBuildFile; fileRef = 590F03CC20CAA493002F0599 /* MF_Base32Additions.m */; };
		590F03D120CAA494002F0599 /* OTPGenerator.m in Sources */ = {isa = PBXBuildFile; fileRef = 590F03CD20CAA493002F0599 /* OTPGenerator.m */; };
		590F03D220CAA494002F0599 /* TOTPGenerator.m in Sources */ = {isa = PBXBuildFile; fileRef = 590F03CF20CAA493002F0599 /* TOTPGenerator.m */; };
		59ECF76E20CE712A00AB6EB3 /* Info.plist in Resources */ = {isa = PBXBuildFile; fileRef = 59ECF76D20CE712A00AB6EB3 /* Info.plist */; };
		77567DF221907F0100825839 /* ChirpConnect.framework in Frameworks */ = {isa = PBXBuildFile; fileRef = 77567DF121907F0100825839 /* ChirpConnect.framework */; };
/* End PBXBuildFile section */

/* Begin PBXContainerItemProxy section */
		5905C31220CA8C85002BD85F /* PBXContainerItemProxy */ = {
			isa = PBXContainerItemProxy;
			containerPortal = 5905C2F120CA8C83002BD85F /* Project object */;
			proxyType = 1;
			remoteGlobalIDString = 5905C2F820CA8C83002BD85F;
			remoteInfo = chirpTOTP;
		};
		5905C31D20CA8C85002BD85F /* PBXContainerItemProxy */ = {
			isa = PBXContainerItemProxy;
			containerPortal = 5905C2F120CA8C83002BD85F /* Project object */;
			proxyType = 1;
			remoteGlobalIDString = 5905C2F820CA8C83002BD85F;
			remoteInfo = chirpTOTP;
		};
/* End PBXContainerItemProxy section */

/* Begin PBXFileReference section */
		5905C2F920CA8C83002BD85F /* ChirpTOTPClient.app */ = {isa = PBXFileReference; explicitFileType = wrapper.application; includeInIndex = 0; path = ChirpTOTPClient.app; sourceTree = BUILT_PRODUCTS_DIR; };
		5905C2FC20CA8C83002BD85F /* AppDelegate.h */ = {isa = PBXFileReference; lastKnownFileType = sourcecode.c.h; path = AppDelegate.h; sourceTree = "<group>"; };
		5905C2FD20CA8C83002BD85F /* AppDelegate.m */ = {isa = PBXFileReference; lastKnownFileType = sourcecode.c.objc; path = AppDelegate.m; sourceTree = "<group>"; };
		5905C2FF20CA8C83002BD85F /* ViewController.h */ = {isa = PBXFileReference; lastKnownFileType = sourcecode.c.h; path = ViewController.h; sourceTree = "<group>"; };
		5905C30020CA8C83002BD85F /* ViewController.m */ = {isa = PBXFileReference; lastKnownFileType = sourcecode.c.objc; path = ViewController.m; sourceTree = "<group>"; };
		5905C30320CA8C83002BD85F /* Base */ = {isa = PBXFileReference; lastKnownFileType = file.storyboard; name = Base; path = Base.lproj/Main.storyboard; sourceTree = "<group>"; };
		5905C30520CA8C85002BD85F /* Assets.xcassets */ = {isa = PBXFileReference; lastKnownFileType = folder.assetcatalog; path = Assets.xcassets; sourceTree = "<group>"; };
		5905C30820CA8C85002BD85F /* Base */ = {isa = PBXFileReference; lastKnownFileType = file.storyboard; name = Base; path = Base.lproj/LaunchScreen.storyboard; sourceTree = "<group>"; };
		5905C30A20CA8C85002BD85F /* Info.plist */ = {isa = PBXFileReference; lastKnownFileType = text.plist.xml; path = Info.plist; sourceTree = "<group>"; };
		5905C30B20CA8C85002BD85F /* main.m */ = {isa = PBXFileReference; lastKnownFileType = sourcecode.c.objc; path = main.m; sourceTree = "<group>"; };
		5905C31120CA8C85002BD85F /* ChirpTOTPClientTests.xctest */ = {isa = PBXFileReference; explicitFileType = wrapper.cfbundle; includeInIndex = 0; path = ChirpTOTPClientTests.xctest; sourceTree = BUILT_PRODUCTS_DIR; };
		5905C31C20CA8C85002BD85F /* ChirpTOTPClientUITests.xctest */ = {isa = PBXFileReference; explicitFileType = wrapper.cfbundle; includeInIndex = 0; path = ChirpTOTPClientUITests.xctest; sourceTree = BUILT_PRODUCTS_DIR; };
		590F03CA20CAA493002F0599 /* OTPGenerator.h */ = {isa = PBXFileReference; fileEncoding = 4; lastKnownFileType = sourcecode.c.h; path = OTPGenerator.h; sourceTree = "<group>"; };
		590F03CB20CAA493002F0599 /* MF_Base32Additions.h */ = {isa = PBXFileReference; fileEncoding = 4; lastKnownFileType = sourcecode.c.h; path = MF_Base32Additions.h; sourceTree = "<group>"; };
		590F03CC20CAA493002F0599 /* MF_Base32Additions.m */ = {isa = PBXFileReference; fileEncoding = 4; lastKnownFileType = sourcecode.c.objc; path = MF_Base32Additions.m; sourceTree = "<group>"; };
		590F03CD20CAA493002F0599 /* OTPGenerator.m */ = {isa = PBXFileReference; fileEncoding = 4; lastKnownFileType = sourcecode.c.objc; path = OTPGenerator.m; sourceTree = "<group>"; };
		590F03CE20CAA493002F0599 /* TOTPGenerator.h */ = {isa = PBXFileReference; fileEncoding = 4; lastKnownFileType = sourcecode.c.h; path = TOTPGenerator.h; sourceTree = "<group>"; };
		590F03CF20CAA493002F0599 /* TOTPGenerator.m */ = {isa = PBXFileReference; fileEncoding = 4; lastKnownFileType = sourcecode.c.objc; path = TOTPGenerator.m; sourceTree = "<group>"; };
		590F03D320CAC451002F0599 /* Credentials.h */ = {isa = PBXFileReference; lastKnownFileType = sourcecode.c.h; path = Credentials.h; sourceTree = "<group>"; };
		59ECF76D20CE712A00AB6EB3 /* Info.plist */ = {isa = PBXFileReference; fileEncoding = 4; lastKnownFileType = text.plist.xml; path = Info.plist; sourceTree = "<group>"; };
		77567DF121907F0100825839 /* ChirpConnect.framework */ = {isa = PBXFileReference; lastKnownFileType = wrapper.framework; name = ChirpConnect.framework; path = ChirpTOTPClient/ChirpConnect.framework; sourceTree = "<group>"; };
/* End PBXFileReference section */

/* Begin PBXFrameworksBuildPhase section */
		5905C2F620CA8C83002BD85F /* Frameworks */ = {
			isa = PBXFrameworksBuildPhase;
			buildActionMask = 2147483647;
			files = (
				77567DF221907F0100825839 /* ChirpConnect.framework in Frameworks */,
			);
			runOnlyForDeploymentPostprocessing = 0;
		};
		5905C30E20CA8C85002BD85F /* Frameworks */ = {
			isa = PBXFrameworksBuildPhase;
			buildActionMask = 2147483647;
			files = (
			);
			runOnlyForDeploymentPostprocessing = 0;
		};
		5905C31920CA8C85002BD85F /* Frameworks */ = {
			isa = PBXFrameworksBuildPhase;
			buildActionMask = 2147483647;
			files = (
			);
			runOnlyForDeploymentPostprocessing = 0;
		};
/* End PBXFrameworksBuildPhase section */

/* Begin PBXGroup section */
		5905C2F020CA8C83002BD85F = {
			isa = PBXGroup;
			children = (
				77567DF121907F0100825839 /* ChirpConnect.framework */,
				5905C2FB20CA8C83002BD85F /* ChirpTOTPClient */,
				5905C2FA20CA8C83002BD85F /* Products */,
			);
			sourceTree = "<group>";
		};
		5905C2FA20CA8C83002BD85F /* Products */ = {
			isa = PBXGroup;
			children = (
				5905C2F920CA8C83002BD85F /* ChirpTOTPClient.app */,
				5905C31120CA8C85002BD85F /* ChirpTOTPClientTests.xctest */,
				5905C31C20CA8C85002BD85F /* ChirpTOTPClientUITests.xctest */,
			);
			name = Products;
			sourceTree = "<group>";
		};
		5905C2FB20CA8C83002BD85F /* ChirpTOTPClient */ = {
			isa = PBXGroup;
			children = (
				590F03C920CAA412002F0599 /* Classes */,
				5905C2FC20CA8C83002BD85F /* AppDelegate.h */,
				590F03D320CAC451002F0599 /* Credentials.h */,
				5905C2FD20CA8C83002BD85F /* AppDelegate.m */,
				5905C2FF20CA8C83002BD85F /* ViewController.h */,
				5905C30020CA8C83002BD85F /* ViewController.m */,
				5905C30220CA8C83002BD85F /* Main.storyboard */,
				5905C30520CA8C85002BD85F /* Assets.xcassets */,
				59ECF76D20CE712A00AB6EB3 /* Info.plist */,
				5905C30720CA8C85002BD85F /* LaunchScreen.storyboard */,
				5905C30A20CA8C85002BD85F /* Info.plist */,
				5905C30B20CA8C85002BD85F /* main.m */,
			);
			path = ChirpTOTPClient;
			sourceTree = "<group>";
		};
		590F03C920CAA412002F0599 /* Classes */ = {
			isa = PBXGroup;
			children = (
				590F03CB20CAA493002F0599 /* MF_Base32Additions.h */,
				590F03CC20CAA493002F0599 /* MF_Base32Additions.m */,
				590F03CA20CAA493002F0599 /* OTPGenerator.h */,
				590F03CD20CAA493002F0599 /* OTPGenerator.m */,
				590F03CE20CAA493002F0599 /* TOTPGenerator.h */,
				590F03CF20CAA493002F0599 /* TOTPGenerator.m */,
			);
			path = Classes;
			sourceTree = "<group>";
		};
/* End PBXGroup section */

/* Begin PBXNativeTarget section */
		5905C2F820CA8C83002BD85F /* ChirpTOTPClient */ = {
			isa = PBXNativeTarget;
			buildConfigurationList = 5905C32520CA8C85002BD85F /* Build configuration list for PBXNativeTarget "ChirpTOTPClient" */;
			buildPhases = (
				5905C2F520CA8C83002BD85F /* Sources */,
				5905C2F620CA8C83002BD85F /* Frameworks */,
				5905C2F720CA8C83002BD85F /* Resources */,
			);
			buildRules = (
			);
			dependencies = (
			);
			name = ChirpTOTPClient;
			productName = chirpTOTP;
			productReference = 5905C2F920CA8C83002BD85F /* ChirpTOTPClient.app */;
			productType = "com.apple.product-type.application";
		};
		5905C31020CA8C85002BD85F /* ChirpTOTPClientTests */ = {
			isa = PBXNativeTarget;
			buildConfigurationList = 5905C32820CA8C85002BD85F /* Build configuration list for PBXNativeTarget "ChirpTOTPClientTests" */;
			buildPhases = (
				5905C30D20CA8C85002BD85F /* Sources */,
				5905C30E20CA8C85002BD85F /* Frameworks */,
				5905C30F20CA8C85002BD85F /* Resources */,
			);
			buildRules = (
			);
			dependencies = (
				5905C31320CA8C85002BD85F /* PBXTargetDependency */,
			);
			name = ChirpTOTPClientTests;
			productName = chirpTOTPTests;
			productReference = 5905C31120CA8C85002BD85F /* ChirpTOTPClientTests.xctest */;
			productType = "com.apple.product-type.bundle.unit-test";
		};
		5905C31B20CA8C85002BD85F /* ChirpTOTPClientUITests */ = {
			isa = PBXNativeTarget;
			buildConfigurationList = 5905C32B20CA8C85002BD85F /* Build configuration list for PBXNativeTarget "ChirpTOTPClientUITests" */;
			buildPhases = (
				5905C31820CA8C85002BD85F /* Sources */,
				5905C31920CA8C85002BD85F /* Frameworks */,
				5905C31A20CA8C85002BD85F /* Resources */,
			);
			buildRules = (
			);
			dependencies = (
				5905C31E20CA8C85002BD85F /* PBXTargetDependency */,
			);
			name = ChirpTOTPClientUITests;
			productName = chirpTOTPUITests;
			productReference = 5905C31C20CA8C85002BD85F /* ChirpTOTPClientUITests.xctest */;
			productType = "com.apple.product-type.bundle.ui-testing";
		};
/* End PBXNativeTarget section */

/* Begin PBXProject section */
		5905C2F120CA8C83002BD85F /* Project object */ = {
			isa = PBXProject;
			attributes = {
				LastUpgradeCheck = 0930;
				ORGANIZATIONNAME = Chirp;
				TargetAttributes = {
					5905C2F820CA8C83002BD85F = {
						CreatedOnToolsVersion = 9.3;
					};
					5905C31020CA8C85002BD85F = {
						CreatedOnToolsVersion = 9.3;
						TestTargetID = 5905C2F820CA8C83002BD85F;
					};
					5905C31B20CA8C85002BD85F = {
						CreatedOnToolsVersion = 9.3;
						TestTargetID = 5905C2F820CA8C83002BD85F;
					};
				};
			};
			buildConfigurationList = 5905C2F420CA8C83002BD85F /* Build configuration list for PBXProject "ChirpTOTPClient" */;
			compatibilityVersion = "Xcode 9.3";
			developmentRegion = en;
			hasScannedForEncodings = 0;
			knownRegions = (
				en,
				Base,
			);
			mainGroup = 5905C2F020CA8C83002BD85F;
			productRefGroup = 5905C2FA20CA8C83002BD85F /* Products */;
			projectDirPath = "";
			projectRoot = "";
			targets = (
				5905C2F820CA8C83002BD85F /* ChirpTOTPClient */,
				5905C31020CA8C85002BD85F /* ChirpTOTPClientTests */,
				5905C31B20CA8C85002BD85F /* ChirpTOTPClientUITests */,
			);
		};
/* End PBXProject section */

/* Begin PBXResourcesBuildPhase section */
		5905C2F720CA8C83002BD85F /* Resources */ = {
			isa = PBXResourcesBuildPhase;
			buildActionMask = 2147483647;
			files = (
				59ECF76E20CE712A00AB6EB3 /* Info.plist in Resources */,
				5905C30920CA8C85002BD85F /* LaunchScreen.storyboard in Resources */,
				5905C30620CA8C85002BD85F /* Assets.xcassets in Resources */,
				5905C30420CA8C83002BD85F /* Main.storyboard in Resources */,
			);
			runOnlyForDeploymentPostprocessing = 0;
		};
		5905C30F20CA8C85002BD85F /* Resources */ = {
			isa = PBXResourcesBuildPhase;
			buildActionMask = 2147483647;
			files = (
			);
			runOnlyForDeploymentPostprocessing = 0;
		};
		5905C31A20CA8C85002BD85F /* Resources */ = {
			isa = PBXResourcesBuildPhase;
			buildActionMask = 2147483647;
			files = (
			);
			runOnlyForDeploymentPostprocessing = 0;
		};
/* End PBXResourcesBuildPhase section */

/* Begin PBXSourcesBuildPhase section */
		5905C2F520CA8C83002BD85F /* Sources */ = {
			isa = PBXSourcesBuildPhase;
			buildActionMask = 2147483647;
			files = (
				590F03D020CAA494002F0599 /* MF_Base32Additions.m in Sources */,
				5905C30120CA8C83002BD85F /* ViewController.m in Sources */,
				590F03D120CAA494002F0599 /* OTPGenerator.m in Sources */,
				5905C30C20CA8C85002BD85F /* main.m in Sources */,
				590F03D220CAA494002F0599 /* TOTPGenerator.m in Sources */,
				5905C2FE20CA8C83002BD85F /* AppDelegate.m in Sources */,
			);
			runOnlyForDeploymentPostprocessing = 0;
		};
		5905C30D20CA8C85002BD85F /* Sources */ = {
			isa = PBXSourcesBuildPhase;
			buildActionMask = 2147483647;
			files = (
			);
			runOnlyForDeploymentPostprocessing = 0;
		};
		5905C31820CA8C85002BD85F /* Sources */ = {
			isa = PBXSourcesBuildPhase;
			buildActionMask = 2147483647;
			files = (
			);
			runOnlyForDeploymentPostprocessing = 0;
		};
/* End PBXSourcesBuildPhase section */

/* Begin PBXTargetDependency section */
		5905C31320CA8C85002BD85F /* PBXTargetDependency */ = {
			isa = PBXTargetDependency;
			target = 5905C2F820CA8C83002BD85F /* ChirpTOTPClient */;
			targetProxy = 5905C31220CA8C85002BD85F /* PBXContainerItemProxy */;
		};
		5905C31E20CA8C85002BD85F /* PBXTargetDependency */ = {
			isa = PBXTargetDependency;
			target = 5905C2F820CA8C83002BD85F /* ChirpTOTPClient */;
			targetProxy = 5905C31D20CA8C85002BD85F /* PBXContainerItemProxy */;
		};
/* End PBXTargetDependency section */

/* Begin PBXVariantGroup section */
		5905C30220CA8C83002BD85F /* Main.storyboard */ = {
			isa = PBXVariantGroup;
			children = (
				5905C30320CA8C83002BD85F /* Base */,
			);
			name = Main.storyboard;
			sourceTree = "<group>";
		};
		5905C30720CA8C85002BD85F /* LaunchScreen.storyboard */ = {
			isa = PBXVariantGroup;
			children = (
				5905C30820CA8C85002BD85F /* Base */,
			);
			name = LaunchScreen.storyboard;
			sourceTree = "<group>";
		};
/* End PBXVariantGroup section */

/* Begin XCBuildConfiguration section */
		5905C32320CA8C85002BD85F /* Debug */ = {
			isa = XCBuildConfiguration;
			buildSettings = {
				ALWAYS_SEARCH_USER_PATHS = NO;
				CLANG_ANALYZER_NONNULL = YES;
				CLANG_ANALYZER_NUMBER_OBJECT_CONVERSION = YES_AGGRESSIVE;
				CLANG_CXX_LANGUAGE_STANDARD = "gnu++14";
				CLANG_CXX_LIBRARY = "libc++";
				CLANG_ENABLE_MODULES = YES;
				CLANG_ENABLE_OBJC_ARC = YES;
				CLANG_ENABLE_OBJC_WEAK = YES;
				CLANG_WARN_BLOCK_CAPTURE_AUTORELEASING = YES;
				CLANG_WARN_BOOL_CONVERSION = YES;
				CLANG_WARN_COMMA = YES;
				CLANG_WARN_CONSTANT_CONVERSION = YES;
				CLANG_WARN_DEPRECATED_OBJC_IMPLEMENTATIONS = YES;
				CLANG_WARN_DIRECT_OBJC_ISA_USAGE = YES_ERROR;
				CLANG_WARN_DOCUMENTATION_COMMENTS = YES;
				CLANG_WARN_EMPTY_BODY = YES;
				CLANG_WARN_ENUM_CONVERSION = YES;
				CLANG_WARN_INFINITE_RECURSION = YES;
				CLANG_WARN_INT_CONVERSION = YES;
				CLANG_WARN_NON_LITERAL_NULL_CONVERSION = YES;
				CLANG_WARN_OBJC_IMPLICIT_RETAIN_SELF = YES;
				CLANG_WARN_OBJC_LITERAL_CONVERSION = YES;
				CLANG_WARN_OBJC_ROOT_CLASS = YES_ERROR;
				CLANG_WARN_RANGE_LOOP_ANALYSIS = YES;
				CLANG_WARN_STRICT_PROTOTYPES = YES;
				CLANG_WARN_SUSPICIOUS_MOVE = YES;
				CLANG_WARN_UNGUARDED_AVAILABILITY = YES_AGGRESSIVE;
				CLANG_WARN_UNREACHABLE_CODE = YES;
				CLANG_WARN__DUPLICATE_METHOD_MATCH = YES;
				CODE_SIGN_IDENTITY = "iPhone Developer";
				COPY_PHASE_STRIP = NO;
				CREATE_INFOPLIST_SECTION_IN_BINARY = YES;
				DEBUG_INFORMATION_FORMAT = dwarf;
				ENABLE_BITCODE = NO;
				ENABLE_STRICT_OBJC_MSGSEND = YES;
				ENABLE_TESTABILITY = YES;
				GCC_C_LANGUAGE_STANDARD = gnu11;
				GCC_DYNAMIC_NO_PIC = NO;
				GCC_NO_COMMON_BLOCKS = YES;
				GCC_OPTIMIZATION_LEVEL = 0;
				GCC_PREPROCESSOR_DEFINITIONS = (
					"DEBUG=1",
					"$(inherited)",
				);
				GCC_WARN_64_TO_32_BIT_CONVERSION = YES;
				GCC_WARN_ABOUT_RETURN_TYPE = YES_ERROR;
				GCC_WARN_UNDECLARED_SELECTOR = YES;
				GCC_WARN_UNINITIALIZED_AUTOS = YES_AGGRESSIVE;
				GCC_WARN_UNUSED_FUNCTION = YES;
				GCC_WARN_UNUSED_VARIABLE = YES;
				INFOPLIST_EXPAND_BUILD_SETTINGS = NO;
				INFOPLIST_FILE = "$(SRCROOT)/ChirpTOTPClient/Info.plist";
				IPHONEOS_DEPLOYMENT_TARGET = 11.0;
				MTL_ENABLE_DEBUG_INFO = YES;
				ONLY_ACTIVE_ARCH = YES;
				PRODUCT_BUNDLE_IDENTIFIER = "";
				SDKROOT = iphoneos;
			};
			name = Debug;
		};
		5905C32420CA8C85002BD85F /* Release */ = {
			isa = XCBuildConfiguration;
			buildSettings = {
				ALWAYS_SEARCH_USER_PATHS = NO;
				CLANG_ANALYZER_NONNULL = YES;
				CLANG_ANALYZER_NUMBER_OBJECT_CONVERSION = YES_AGGRESSIVE;
				CLANG_CXX_LANGUAGE_STANDARD = "gnu++14";
				CLANG_CXX_LIBRARY = "libc++";
				CLANG_ENABLE_MODULES = YES;
				CLANG_ENABLE_OBJC_ARC = YES;
				CLANG_ENABLE_OBJC_WEAK = YES;
				CLANG_WARN_BLOCK_CAPTURE_AUTORELEASING = YES;
				CLANG_WARN_BOOL_CONVERSION = YES;
				CLANG_WARN_COMMA = YES;
				CLANG_WARN_CONSTANT_CONVERSION = YES;
				CLANG_WARN_DEPRECATED_OBJC_IMPLEMENTATIONS = YES;
				CLANG_WARN_DIRECT_OBJC_ISA_USAGE = YES_ERROR;
				CLANG_WARN_DOCUMENTATION_COMMENTS = YES;
				CLANG_WARN_EMPTY_BODY = YES;
				CLANG_WARN_ENUM_CONVERSION = YES;
				CLANG_WARN_INFINITE_RECURSION = YES;
				CLANG_WARN_INT_CONVERSION = YES;
				CLANG_WARN_NON_LITERAL_NULL_CONVERSION = YES;
				CLANG_WARN_OBJC_IMPLICIT_RETAIN_SELF = YES;
				CLANG_WARN_OBJC_LITERAL_CONVERSION = YES;
				CLANG_WARN_OBJC_ROOT_CLASS = YES_ERROR;
				CLANG_WARN_RANGE_LOOP_ANALYSIS = YES;
				CLANG_WARN_STRICT_PROTOTYPES = YES;
				CLANG_WARN_SUSPICIOUS_MOVE = YES;
				CLANG_WARN_UNGUARDED_AVAILABILITY = YES_AGGRESSIVE;
				CLANG_WARN_UNREACHABLE_CODE = YES;
				CLANG_WARN__DUPLICATE_METHOD_MATCH = YES;
				CODE_SIGN_IDENTITY = "iPhone Developer";
				COPY_PHASE_STRIP = NO;
				CREATE_INFOPLIST_SECTION_IN_BINARY = YES;
				DEBUG_INFORMATION_FORMAT = "dwarf-with-dsym";
				ENABLE_BITCODE = NO;
				ENABLE_NS_ASSERTIONS = NO;
				ENABLE_STRICT_OBJC_MSGSEND = YES;
				GCC_C_LANGUAGE_STANDARD = gnu11;
				GCC_NO_COMMON_BLOCKS = YES;
				GCC_WARN_64_TO_32_BIT_CONVERSION = YES;
				GCC_WARN_ABOUT_RETURN_TYPE = YES_ERROR;
				GCC_WARN_UNDECLARED_SELECTOR = YES;
				GCC_WARN_UNINITIALIZED_AUTOS = YES_AGGRESSIVE;
				GCC_WARN_UNUSED_FUNCTION = YES;
				GCC_WARN_UNUSED_VARIABLE = YES;
				INFOPLIST_EXPAND_BUILD_SETTINGS = NO;
				INFOPLIST_FILE = "$(SRCROOT)/ChirpTOTPClient/Info.plist";
				IPHONEOS_DEPLOYMENT_TARGET = 11.0;
				MTL_ENABLE_DEBUG_INFO = NO;
				PRODUCT_BUNDLE_IDENTIFIER = "";
				SDKROOT = iphoneos;
				VALIDATE_PRODUCT = YES;
			};
			name = Release;
		};
		5905C32620CA8C85002BD85F /* Debug */ = {
			isa = XCBuildConfiguration;
			buildSettings = {
				ASSETCATALOG_COMPILER_APPICON_NAME = AppIcon;
				CLANG_ENABLE_OBJC_ARC = NO;
				CODE_SIGN_IDENTITY = "iPhone Developer";
				CODE_SIGN_STYLE = Automatic;
				DEVELOPMENT_TEAM = "";
				FRAMEWORK_SEARCH_PATHS = (
					"$(inherited)",
					"$(PROJECT_DIR)",
					"$(PROJECT_DIR)/ChirpTOTPClient",
				);
				INFOPLIST_FILE = "";
				LD_RUNPATH_SEARCH_PATHS = (
					"$(inherited)",
					"@executable_path/Frameworks",
				);
				PRODUCT_BUNDLE_IDENTIFIER = chirp.ChirpTOTPClient;
				PRODUCT_NAME = "$(TARGET_NAME)";
				PROVISIONING_PROFILE_SPECIFIER = "";
				SDKROOT = iphoneos;
				TARGETED_DEVICE_FAMILY = "1,2";
			};
			name = Debug;
		};
		5905C32720CA8C85002BD85F /* Release */ = {
			isa = XCBuildConfiguration;
			buildSettings = {
				ASSETCATALOG_COMPILER_APPICON_NAME = AppIcon;
				CLANG_ENABLE_OBJC_ARC = NO;
				CODE_SIGN_IDENTITY = "iPhone Developer";
				CODE_SIGN_STYLE = Automatic;
				DEVELOPMENT_TEAM = "";
				FRAMEWORK_SEARCH_PATHS = (
					"$(inherited)",
					"$(PROJECT_DIR)",
					"$(PROJECT_DIR)/ChirpTOTPClient",
				);
				INFOPLIST_FILE = "";
				LD_RUNPATH_SEARCH_PATHS = (
					"$(inherited)",
					"@executable_path/Frameworks",
				);
				PRODUCT_BUNDLE_IDENTIFIER = chirp.ChirpTOTPClient;
				PRODUCT_NAME = "$(TARGET_NAME)";
				PROVISIONING_PROFILE_SPECIFIER = "";
				SDKROOT = iphoneos;
				TARGETED_DEVICE_FAMILY = "1,2";
			};
			name = Release;
		};
		5905C32920CA8C85002BD85F /* Debug */ = {
			isa = XCBuildConfiguration;
			buildSettings = {
				BUNDLE_LOADER = "$(TEST_HOST)";
				CODE_SIGN_STYLE = Automatic;
				DEVELOPMENT_TEAM = GN47QGJTV9;
				INFOPLIST_FILE = chirpTOTPTests/Info.plist;
				LD_RUNPATH_SEARCH_PATHS = (
					"$(inherited)",
					"@executable_path/Frameworks",
					"@loader_path/Frameworks",
				);
				PRODUCT_BUNDLE_IDENTIFIER = chirp.chirpTOTPTests;
				PRODUCT_NAME = "$(TARGET_NAME)";
				TARGETED_DEVICE_FAMILY = "1,2";
				TEST_HOST = "$(BUILT_PRODUCTS_DIR)/ChirpTOTPClient.app/ChirpTOTPClient";
			};
			name = Debug;
		};
		5905C32A20CA8C85002BD85F /* Release */ = {
			isa = XCBuildConfiguration;
			buildSettings = {
				BUNDLE_LOADER = "$(TEST_HOST)";
				CODE_SIGN_STYLE = Automatic;
				DEVELOPMENT_TEAM = GN47QGJTV9;
				INFOPLIST_FILE = chirpTOTPTests/Info.plist;
				LD_RUNPATH_SEARCH_PATHS = (
					"$(inherited)",
					"@executable_path/Frameworks",
					"@loader_path/Frameworks",
				);
				PRODUCT_BUNDLE_IDENTIFIER = chirp.chirpTOTPTests;
				PRODUCT_NAME = "$(TARGET_NAME)";
				TARGETED_DEVICE_FAMILY = "1,2";
				TEST_HOST = "$(BUILT_PRODUCTS_DIR)/ChirpTOTPClient.app/ChirpTOTPClient";
			};
			name = Release;
		};
		5905C32C20CA8C85002BD85F /* Debug */ = {
			isa = XCBuildConfiguration;
			buildSettings = {
				CODE_SIGN_STYLE = Automatic;
				DEVELOPMENT_TEAM = GN47QGJTV9;
				INFOPLIST_FILE = chirpTOTPUITests/Info.plist;
				LD_RUNPATH_SEARCH_PATHS = (
					"$(inherited)",
					"@executable_path/Frameworks",
					"@loader_path/Frameworks",
				);
				PRODUCT_BUNDLE_IDENTIFIER = chirp.chirpTOTPUITests;
				PRODUCT_NAME = "$(TARGET_NAME)";
				TARGETED_DEVICE_FAMILY = "1,2";
				TEST_TARGET_NAME = chirpTOTP;
			};
			name = Debug;
		};
		5905C32D20CA8C85002BD85F /* Release */ = {
			isa = XCBuildConfiguration;
			buildSettings = {
				CODE_SIGN_STYLE = Automatic;
				DEVELOPMENT_TEAM = GN47QGJTV9;
				INFOPLIST_FILE = chirpTOTPUITests/Info.plist;
				LD_RUNPATH_SEARCH_PATHS = (
					"$(inherited)",
					"@executable_path/Frameworks",
					"@loader_path/Frameworks",
				);
				PRODUCT_BUNDLE_IDENTIFIER = chirp.chirpTOTPUITests;
				PRODUCT_NAME = "$(TARGET_NAME)";
				TARGETED_DEVICE_FAMILY = "1,2";
				TEST_TARGET_NAME = chirpTOTP;
			};
			name = Release;
		};
/* End XCBuildConfiguration section */

/* Begin XCConfigurationList section */
		5905C2F420CA8C83002BD85F /* Build configuration list for PBXProject "ChirpTOTPClient" */ = {
			isa = XCConfigurationList;
			buildConfigurations = (
				5905C32320CA8C85002BD85F /* Debug */,
				5905C32420CA8C85002BD85F /* Release */,
			);
			defaultConfigurationIsVisible = 0;
			defaultConfigurationName = Release;
		};
		5905C32520CA8C85002BD85F /* Build configuration list for PBXNativeTarget "ChirpTOTPClient" */ = {
			isa = XCConfigurationList;
			buildConfigurations = (
				5905C32620CA8C85002BD85F /* Debug */,
				5905C32720CA8C85002BD85F /* Release */,
			);
			defaultConfigurationIsVisible = 0;
			defaultConfigurationName = Release;
		};
		5905C32820CA8C85002BD85F /* Build configuration list for PBXNativeTarget "ChirpTOTPClientTests" */ = {
			isa = XCConfigurationList;
			buildConfigurations = (
				5905C32920CA8C85002BD85F /* Debug */,
				5905C32A20CA8C85002BD85F /* Release */,
			);
			defaultConfigurationIsVisible = 0;
			defaultConfigurationName = Release;
		};
		5905C32B20CA8C85002BD85F /* Build configuration list for PBXNativeTarget "ChirpTOTPClientUITests" */ = {
			isa = XCConfigurationList;
			buildConfigurations = (
				5905C32C20CA8C85002BD85F /* Debug */,
				5905C32D20CA8C85002BD85F /* Release */,
			);
			defaultConfigurationIsVisible = 0;
			defaultConfigurationName = Release;
		};
/* End XCConfigurationList section */
	};
	rootObject = 5905C2F120CA8C83002BD85F /* Project object */;
}
